
Microsoft Visual Studio Solution File, Format Version 12.00
# Visual Studio 2017
Project("{FAE04EC0-301F-11D3-BF4B-00C04F79EFBC}") = "Multiplataforma", "Multiplataforma.csproj", "{8A75BB03-FDDE-E9AE-60CB-A70463548C47}"
EndProject
Global
	GlobalSection(SolutionConfigurationPlatforms) = preSolution
		Debug|Any CPU = Debug|Any CPU
		Release|Any CPU = Release|Any CPU
	EndGlobalSection
	GlobalSection(ProjectConfigurationPlatforms) = postSolution
		{8A75BB03-FDDE-E9AE-60CB-A70463548C47}.Debug|Any CPU.ActiveCfg = Debug|Any CPU
		{8A75BB03-FDDE-E9AE-60CB-A70463548C47}.Debug|Any CPU.Build.0 = Debug|Any CPU
		{8A75BB03-FDDE-E9AE-60CB-A70463548C47}.Release|Any CPU.ActiveCfg = Release|Any CPU
		{8A75BB03-FDDE-E9AE-60CB-A70463548C47}.Release|Any CPU.Build.0 = Release|Any CPU
	EndGlobalSection
	GlobalSection(SolutionProperties) = preSolution
		HideSolutionNode = FALSE
	EndGlobalSection
EndGlobal
